
Microsoft Visual Studio Solution File, Format Version 12.00
# Visual Studio Version 17
VisualStudioVersion = 17.7.34031.279
MinimumVisualStudioVersion = 10.0.40219.1
Project("{FAE04EC0-301F-11D3-BF4B-00C04F79EFBC}") = "ConsoleApp7", "ConsoleApp7.csproj", "{096C7DE0-A90F-4EFC-B891-726DC7EEA7CB}"
EndProject
Global
	GlobalSection(SolutionConfigurationPlatforms) = preSolution
		Debug|Any CPU = Debug|Any CPU
		Release|Any CPU = Release|Any CPU
	EndGlobalSection
	GlobalSection(ProjectConfigurationPlatforms) = postSolution
		{096C7DE0-A90F-4EFC-B891-726DC7EEA7CB}.Debug|Any CPU.ActiveCfg = Debug|Any CPU
		{096C7DE0-A90F-4EFC-B891-726DC7EEA7CB}.Debug|Any CPU.Build.0 = Debug|Any CPU
		{096C7DE0-A90F-4EFC-B891-726DC7EEA7CB}.Release|Any CPU.ActiveCfg = Release|Any CPU
		{096C7DE0-A90F-4EFC-B891-726DC7EEA7CB}.Release|Any CPU.Build.0 = Release|Any CPU
	EndGlobalSection
	GlobalSection(SolutionProperties) = preSolution
		HideSolutionNode = FALSE
	EndGlobalSection
	GlobalSection(ExtensibilityGlobals) = postSolution
		SolutionGuid = {64AEB712-A108-486A-898F-E0CA150B115A}
	EndGlobalSection
EndGlobal
